
Microsoft Visual Studio Solution File, Format Version 12.00
# Visual Studio Version 16
VisualStudioVersion = 16.0.30907.101
MinimumVisualStudioVersion = 10.0.40219.1
Project("{FAE04EC0-301F-11D3-BF4B-00C04F79EFBC}") = "RainFallCalculator", "RainFallCalculator\RainFallCalculator.csproj", "{2B118D62-5A49-401F-8570-4EBA320AB00B}"
EndProject
Global
	GlobalSection(SolutionConfigurationPlatforms) = preSolution
		Debug|Any CPU = Debug|Any CPU
		Release|Any CPU = Release|Any CPU
	EndGlobalSection
	GlobalSection(ProjectConfigurationPlatforms) = postSolution
		{2B118D62-5A49-401F-8570-4EBA320AB00B}.Debug|Any CPU.ActiveCfg = Debug|Any CPU
		{2B118D62-5A49-401F-8570-4EBA320AB00B}.Debug|Any CPU.Build.0 = Debug|Any CPU
		{2B118D62-5A49-401F-8570-4EBA320AB00B}.Release|Any CPU.ActiveCfg = Release|Any CPU
		{2B118D62-5A49-401F-8570-4EBA320AB00B}.Release|Any CPU.Build.0 = Release|Any CPU
	EndGlobalSection
	GlobalSection(SolutionProperties) = preSolution
		HideSolutionNode = FALSE
	EndGlobalSection
	GlobalSection(ExtensibilityGlobals) = postSolution
		SolutionGuid = {C22410BB-D5AB-4AD9-8B4F-4A6A115CC692}
	EndGlobalSection
EndGlobal
